// !$*UTF8*$!
{
	archiveVersion = 1;
	classes = {
	};
	objectVersion = 46;
	objects = {

/* Begin PBXBuildFile section */
		3B070A331CC2EB7A003F9E9B /* AppDelegate.swift in Sources */ = {isa = PBXBuildFile; fileRef = 3B070A321CC2EB7A003F9E9B /* AppDelegate.swift */; };
		3B070A351CC2EB7A003F9E9B /* ViewController.swift in Sources */ = {isa = PBXBuildFile; fileRef = 3B070A341CC2EB7A003F9E9B /* ViewController.swift */; };
		3B070A381CC2EB7A003F9E9B /* Main.storyboard in Resources */ = {isa = PBXBuildFile; fileRef = 3B070A361CC2EB7A003F9E9B /* Main.storyboard */; };
		3B070A3A1CC2EB7A003F9E9B /* Assets.xcassets in Resources */ = {isa = PBXBuildFile; fileRef = 3B070A391CC2EB7A003F9E9B /* Assets.xcassets */; };
		3B070A3D1CC2EB7A003F9E9B /* LaunchScreen.storyboard in Resources */ = {isa = PBXBuildFile; fileRef = 3B070A3B1CC2EB7A003F9E9B /* LaunchScreen.storyboard */; };
		3B070A481CC2EB7A003F9E9B /* flipflopTests.swift in Sources */ = {isa = PBXBuildFile; fileRef = 3B070A471CC2EB7A003F9E9B /* flipflopTests.swift */; };
		3B070A551CC2EBCA003F9E9B /* FlashcardViewController.swift in Sources */ = {isa = PBXBuildFile; fileRef = 3B070A541CC2EBCA003F9E9B /* FlashcardViewController.swift */; };
/* End PBXBuildFile section */

/* Begin PBXContainerItemProxy section */
		3B070A441CC2EB7A003F9E9B /* PBXContainerItemProxy */ = {
			isa = PBXContainerItemProxy;
			containerPortal = 3B070A271CC2EB7A003F9E9B /* Project object */;
			proxyType = 1;
			remoteGlobalIDString = 3B070A2E1CC2EB7A003F9E9B;
			remoteInfo = flipflop;
		};
/* End PBXContainerItemProxy section */

/* Begin PBXFileReference section */
		3B070A2F1CC2EB7A003F9E9B /* flipflop.app */ = {isa = PBXFileReference; explicitFileType = wrapper.application; includeInIndex = 0; path = flipflop.app; sourceTree = BUILT_PRODUCTS_DIR; };
		3B070A321CC2EB7A003F9E9B /* AppDelegate.swift */ = {isa = PBXFileReference; lastKnownFileType = sourcecode.swift; path = AppDelegate.swift; sourceTree = "<group>"; };
		3B070A341CC2EB7A003F9E9B /* ViewController.swift */ = {isa = PBXFileReference; lastKnownFileType = sourcecode.swift; path = ViewController.swift; sourceTree = "<group>"; };
		3B070A371CC2EB7A003F9E9B /* Base */ = {isa = PBXFileReference; lastKnownFileType = file.storyboard; name = Base; path = Base.lproj/Main.storyboard; sourceTree = "<group>"; };
		3B070A391CC2EB7A003F9E9B /* Assets.xcassets */ = {isa = PBXFileReference; lastKnownFileType = folder.assetcatalog; path = Assets.xcassets; sourceTree = "<group>"; };
		3B070A3C1CC2EB7A003F9E9B /* Base */ = {isa = PBXFileReference; lastKnownFileType = file.storyboard; name = Base; path = Base.lproj/LaunchScreen.storyboard; sourceTree = "<group>"; };
		3B070A3E1CC2EB7A003F9E9B /* Info.plist */ = {isa = PBXFileReference; lastKnownFileType = text.plist.xml; path = Info.plist; sourceTree = "<group>"; };
		3B070A431CC2EB7A003F9E9B /* flipflopTests.xctest */ = {isa = PBXFileReference; explicitFileType = wrapper.cfbundle; includeInIndex = 0; path = flipflopTests.xctest; sourceTree = BUILT_PRODUCTS_DIR; };
		3B070A471CC2EB7A003F9E9B /* flipflopTests.swift */ = {isa = PBXFileReference; lastKnownFileType = sourcecode.swift; path = flipflopTests.swift; sourceTree = "<group>"; };
		3B070A491CC2EB7A003F9E9B /* Info.plist */ = {isa = PBXFileReference; lastKnownFileType = text.plist.xml; path = Info.plist; sourceTree = "<group>"; };
		3B070A541CC2EBCA003F9E9B /* FlashcardViewController.swift */ = {isa = PBXFileReference; fileEncoding = 4; lastKnownFileType = sourcecode.swift; name = FlashcardViewController.swift; path = ../FlashcardViewController.swift; sourceTree = "<group>"; };
/* End PBXFileReference section */

/* Begin PBXFrameworksBuildPhase section */
		3B070A2C1CC2EB7A003F9E9B /* Frameworks */ = {
			isa = PBXFrameworksBuildPhase;
			buildActionMask = 2147483647;
			files = (
			);
			runOnlyForDeploymentPostprocessing = 0;
		};
		3B070A401CC2EB7A003F9E9B /* Frameworks */ = {
			isa = PBXFrameworksBuildPhase;
			buildActionMask = 2147483647;
			files = (
			);
			runOnlyForDeploymentPostprocessing = 0;
		};
/* End PBXFrameworksBuildPhase section */

/* Begin PBXGroup section */
		3B070A261CC2EB7A003F9E9B = {
			isa = PBXGroup;
			children = (
				3B070A311CC2EB7A003F9E9B /* flipflop */,
				3B070A461CC2EB7A003F9E9B /* flipflopTests */,
				3B070A301CC2EB7A003F9E9B /* Products */,
			);
			sourceTree = "<group>";
		};
		3B070A301CC2EB7A003F9E9B /* Products */ = {
			isa = PBXGroup;
			children = (
				3B070A2F1CC2EB7A003F9E9B /* flipflop.app */,
				3B070A431CC2EB7A003F9E9B /* flipflopTests.xctest */,
			);
			name = Products;
			sourceTree = "<group>";
		};
		3B070A311CC2EB7A003F9E9B /* flipflop */ = {
			isa = PBXGroup;
			children = (
				3B070A321CC2EB7A003F9E9B /* AppDelegate.swift */,
				3B070A341CC2EB7A003F9E9B /* ViewController.swift */,
				3B070A541CC2EBCA003F9E9B /* FlashcardViewController.swift */,
				3B070A361CC2EB7A003F9E9B /* Main.storyboard */,
				3B070A391CC2EB7A003F9E9B /* Assets.xcassets */,
				3B070A3B1CC2EB7A003F9E9B /* LaunchScreen.storyboard */,
				3B070A3E1CC2EB7A003F9E9B /* Info.plist */,
			);
			path = flipflop;
			sourceTree = "<group>";
		};
		3B070A461CC2EB7A003F9E9B /* flipflopTests */ = {
			isa = PBXGroup;
			children = (
				3B070A471CC2EB7A003F9E9B /* flipflopTests.swift */,
				3B070A491CC2EB7A003F9E9B /* Info.plist */,
			);
			path = flipflopTests;
			sourceTree = "<group>";
		};
/* End PBXGroup section */

/* Begin PBXNativeTarget section */
		3B070A2E1CC2EB7A003F9E9B /* flipflop */ = {
			isa = PBXNativeTarget;
			buildConfigurationList = 3B070A4C1CC2EB7A003F9E9B /* Build configuration list for PBXNativeTarget "flipflop" */;
			buildPhases = (
				3B070A2B1CC2EB7A003F9E9B /* Sources */,
				3B070A2C1CC2EB7A003F9E9B /* Frameworks */,
				3B070A2D1CC2EB7A003F9E9B /* Resources */,
			);
			buildRules = (
			);
			dependencies = (
			);
			name = flipflop;
			productName = flipflop;
			productReference = 3B070A2F1CC2EB7A003F9E9B /* flipflop.app */;
			productType = "com.apple.product-type.application";
		};
		3B070A421CC2EB7A003F9E9B /* flipflopTests */ = {
			isa = PBXNativeTarget;
			buildConfigurationList = 3B070A4F1CC2EB7A003F9E9B /* Build configuration list for PBXNativeTarget "flipflopTests" */;
			buildPhases = (
				3B070A3F1CC2EB7A003F9E9B /* Sources */,
				3B070A401CC2EB7A003F9E9B /* Frameworks */,
				3B070A411CC2EB7A003F9E9B /* Resources */,
			);
			buildRules = (
			);
			dependencies = (
				3B070A451CC2EB7A003F9E9B /* PBXTargetDependency */,
			);
			name = flipflopTests;
			productName = flipflopTests;
			productReference = 3B070A431CC2EB7A003F9E9B /* flipflopTests.xctest */;
			productType = "com.apple.product-type.bundle.unit-test";
		};
/* End PBXNativeTarget section */

/* Begin PBXProject section */
		3B070A271CC2EB7A003F9E9B /* Project object */ = {
			isa = PBXProject;
			attributes = {
				LastSwiftUpdateCheck = 0730;
				LastUpgradeCheck = 0730;
				ORGANIZATIONNAME = "Michelle Venetucci Harvey";
				TargetAttributes = {
					3B070A2E1CC2EB7A003F9E9B = {
						CreatedOnToolsVersion = 7.3;
						DevelopmentTeam = K42EHY258Z;
					};
					3B070A421CC2EB7A003F9E9B = {
						CreatedOnToolsVersion = 7.3;
						DevelopmentTeam = K42EHY258Z;
						TestTargetID = 3B070A2E1CC2EB7A003F9E9B;
					};
				};
			};
			buildConfigurationList = 3B070A2A1CC2EB7A003F9E9B /* Build configuration list for PBXProject "flipflop" */;
			compatibilityVersion = "Xcode 3.2";
			developmentRegion = English;
			hasScannedForEncodings = 0;
			knownRegions = (
				en,
				Base,
			);
			mainGroup = 3B070A261CC2EB7A003F9E9B;
			productRefGroup = 3B070A301CC2EB7A003F9E9B /* Products */;
			projectDirPath = "";
			projectRoot = "";
			targets = (
				3B070A2E1CC2EB7A003F9E9B /* flipflop */,
				3B070A421CC2EB7A003F9E9B /* flipflopTests */,
			);
		};
/* End PBXProject section */

/* Begin PBXResourcesBuildPhase section */
		3B070A2D1CC2EB7A003F9E9B /* Resources */ = {
			isa = PBXResourcesBuildPhase;
			buildActionMask = 2147483647;
			files = (
				3B070A3D1CC2EB7A003F9E9B /* LaunchScreen.storyboard in Resources */,
				3B070A3A1CC2EB7A003F9E9B /* Assets.xcassets in Resources */,
				3B070A381CC2EB7A003F9E9B /* Main.storyboard in Resources */,
			);
			runOnlyForDeploymentPostprocessing = 0;
		};
		3B070A411CC2EB7A003F9E9B /* Resources */ = {
			isa = PBXResourcesBuildPhase;
			buildActionMask = 2147483647;
			files = (
			);
			runOnlyForDeploymentPostprocessing = 0;
		};
/* End PBXResourcesBuildPhase section */

/* Begin PBXSourcesBuildPhase section */
		3B070A2B1CC2EB7A003F9E9B /* Sources */ = {
			isa = PBXSourcesBuildPhase;
			buildActionMask = 2147483647;
			files = (
				3B070A351CC2EB7A003F9E9B /* ViewController.swift in Sources */,
				3B070A331CC2EB7A003F9E9B /* AppDelegate.swift in Sources */,
				3B070A551CC2EBCA003F9E9B /* FlashcardViewController.swift in Sources */,
			);
			runOnlyForDeploymentPostprocessing = 0;
		};
		3B070A3F1CC2EB7A003F9E9B /* Sources */ = {
			isa = PBXSourcesBuildPhase;
			buildActionMask = 2147483647;
			files = (
				3B070A481CC2EB7A003F9E9B /* flipflopTests.swift in Sources */,
			);
			runOnlyForDeploymentPostprocessing = 0;
		};
/* End PBXSourcesBuildPhase section */

/* Begin PBXTargetDependency section */
		3B070A451CC2EB7A003F9E9B /* PBXTargetDependency */ = {
			isa = PBXTargetDependency;
			target = 3B070A2E1CC2EB7A003F9E9B /* flipflop */;
			targetProxy = 3B070A441CC2EB7A003F9E9B /* PBXContainerItemProxy */;
		};
/* End PBXTargetDependency section */

/* Begin PBXVariantGroup section */
		3B070A361CC2EB7A003F9E9B /* Main.storyboard */ = {
			isa = PBXVariantGroup;
			children = (
				3B070A371CC2EB7A003F9E9B /* Base */,
			);
			name = Main.storyboard;
			sourceTree = "<group>";
		};
		3B070A3B1CC2EB7A003F9E9B /* LaunchScreen.storyboard */ = {
			isa = PBXVariantGroup;
			children = (
				3B070A3C1CC2EB7A003F9E9B /* Base */,
			);
			name = LaunchScreen.storyboard;
			sourceTree = "<group>";
		};
/* End PBXVariantGroup section */

/* Begin XCBuildConfiguration section */
		3B070A4A1CC2EB7A003F9E9B /* Debug */ = {
			isa = XCBuildConfiguration;
			buildSettings = {
				ALWAYS_SEARCH_USER_PATHS = NO;
				CLANG_ANALYZER_NONNULL = YES;
				CLANG_CXX_LANGUAGE_STANDARD = "gnu++0x";
				CLANG_CXX_LIBRARY = "libc++";
				CLANG_ENABLE_MODULES = YES;
				CLANG_ENABLE_OBJC_ARC = YES;
				CLANG_WARN_BOOL_CONVERSION = YES;
				CLANG_WARN_CONSTANT_CONVERSION = YES;
				CLANG_WARN_DIRECT_OBJC_ISA_USAGE = YES_ERROR;
				CLANG_WARN_EMPTY_BODY = YES;
				CLANG_WARN_ENUM_CONVERSION = YES;
				CLANG_WARN_INT_CONVERSION = YES;
				CLANG_WARN_OBJC_ROOT_CLASS = YES_ERROR;
				CLANG_WARN_UNREACHABLE_CODE = YES;
				CLANG_WARN__DUPLICATE_METHOD_MATCH = YES;
				"CODE_SIGN_IDENTITY[sdk=iphoneos*]" = "iPhone Developer";
				COPY_PHASE_STRIP = NO;
				DEBUG_INFORMATION_FORMAT = dwarf;
				ENABLE_STRICT_OBJC_MSGSEND = YES;
				ENABLE_TESTABILITY = YES;
				GCC_C_LANGUAGE_STANDARD = gnu99;
				GCC_DYNAMIC_NO_PIC = NO;
				GCC_NO_COMMON_BLOCKS = YES;
				GCC_OPTIMIZATION_LEVEL = 0;
				GCC_PREPROCESSOR_DEFINITIONS = (
					"DEBUG=1",
					"$(inherited)",
				);
				GCC_WARN_64_TO_32_BIT_CONVERSION = YES;
				GCC_WARN_ABOUT_RETURN_TYPE = YES_ERROR;
				GCC_WARN_UNDECLARED_SELECTOR = YES;
				GCC_WARN_UNINITIALIZED_AUTOS = YES_AGGRESSIVE;
				GCC_WARN_UNUSED_FUNCTION = YES;
				GCC_WARN_UNUSED_VARIABLE = YES;
				IPHONEOS_DEPLOYMENT_TARGET = 9.3;
				MTL_ENABLE_DEBUG_INFO = YES;
				ONLY_ACTIVE_ARCH = YES;
				SDKROOT = iphoneos;
				SWIFT_OPTIMIZATION_LEVEL = "-Onone";
				TARGETED_DEVICE_FAMILY = "1,2";
			};
			name = Debug;
		};
		3B070A4B1CC2EB7A003F9E9B /* Release */ = {
			isa = XCBuildConfiguration;
			buildSettings = {
				ALWAYS_SEARCH_USER_PATHS = NO;
				CLANG_ANALYZER_NONNULL = YES;
				CLANG_CXX_LANGUAGE_STANDARD = "gnu++0x";
				CLANG_CXX_LIBRARY = "libc++";
				CLANG_ENABLE_MODULES = YES;
				CLANG_ENABLE_OBJC_ARC = YES;
				CLANG_WARN_BOOL_CONVERSION = YES;
				CLANG_WARN_CONSTANT_CONVERSION = YES;
				CLANG_WARN_DIRECT_OBJC_ISA_USAGE = YES_ERROR;
				CLANG_WARN_EMPTY_BODY = YES;
				CLANG_WARN_ENUM_CONVERSION = YES;
				CLANG_WARN_INT_CONVERSION = YES;
				CLANG_WARN_OBJC_ROOT_CLASS = YES_ERROR;
				CLANG_WARN_UNREACHABLE_CODE = YES;
				CLANG_WARN__DUPLICATE_METHOD_MATCH = YES;
				"CODE_SIGN_IDENTITY[sdk=iphoneos*]" = "iPhone Developer";
				COPY_PHASE_STRIP = NO;
				DEBUG_INFORMATION_FORMAT = "dwarf-with-dsym";
				ENABLE_NS_ASSERTIONS = NO;
				ENABLE_STRICT_OBJC_MSGSEND = YES;
				GCC_C_LANGUAGE_STANDARD = gnu99;
				GCC_NO_COMMON_BLOCKS = YES;
				GCC_WARN_64_TO_32_BIT_CONVERSION = YES;
				GCC_WARN_ABOUT_RETURN_TYPE = YES_ERROR;
				GCC_WARN_UNDECLARED_SELECTOR = YES;
				GCC_WARN_UNINITIALIZED_AUTOS = YES_AGGRESSIVE;
				GCC_WARN_UNUSED_FUNCTION = YES;
				GCC_WARN_UNUSED_VARIABLE = YES;
				IPHONEOS_DEPLOYMENT_TARGET = 9.3;
				MTL_ENABLE_DEBUG_INFO = NO;
				SDKROOT = iphoneos;
				TARGETED_DEVICE_FAMILY = "1,2";
				VALIDATE_PRODUCT = YES;
			};
			name = Release;
		};
		3B070A4D1CC2EB7A003F9E9B /* Debug */ = {
			isa = XCBuildConfiguration;
			buildSettings = {
				ASSETCATALOG_COMPILER_APPICON_NAME = AppIcon;
				INFOPLIST_FILE = flipflop/Info.plist;
				LD_RUNPATH_SEARCH_PATHS = "$(inherited) @executable_path/Frameworks";
				PRODUCT_BUNDLE_IDENTIFIER = venetescher.flipflop;
				PRODUCT_NAME = "$(TARGET_NAME)";
			};
			name = Debug;
		};
		3B070A4E1CC2EB7A003F9E9B /* Release */ = {
			isa = XCBuildConfiguration;
			buildSettings = {
				ASSETCATALOG_COMPILER_APPICON_NAME = AppIcon;
				INFOPLIST_FILE = flipflop/Info.plist;
				LD_RUNPATH_SEARCH_PATHS = "$(inherited) @executable_path/Frameworks";
				PRODUCT_BUNDLE_IDENTIFIER = venetescher.flipflop;
				PRODUCT_NAME = "$(TARGET_NAME)";
			};
			name = Release;
		};
		3B070A501CC2EB7A003F9E9B /* Debug */ = {
			isa = XCBuildConfiguration;
			buildSettings = {
				BUNDLE_LOADER = "$(TEST_HOST)";
				INFOPLIST_FILE = flipflopTests/Info.plist;
				LD_RUNPATH_SEARCH_PATHS = "$(inherited) @executable_path/Frameworks @loader_path/Frameworks";
				PRODUCT_BUNDLE_IDENTIFIER = venetescher.flipflopTests;
				PRODUCT_NAME = "$(TARGET_NAME)";
				TEST_HOST = "$(BUILT_PRODUCTS_DIR)/flipflop.app/flipflop";
			};
			name = Debug;
		};
		3B070A511CC2EB7A003F9E9B /* Release */ = {
			isa = XCBuildConfiguration;
			buildSettings = {
				BUNDLE_LOADER = "$(TEST_HOST)";
				INFOPLIST_FILE = flipflopTests/Info.plist;
				LD_RUNPATH_SEARCH_PATHS = "$(inherited) @executable_path/Frameworks @loader_path/Frameworks";
				PRODUCT_BUNDLE_IDENTIFIER = venetescher.flipflopTests;
				PRODUCT_NAME = "$(TARGET_NAME)";
				TEST_HOST = "$(BUILT_PRODUCTS_DIR)/flipflop.app/flipflop";
			};
			name = Release;
		};
/* End XCBuildConfiguration section */

/* Begin XCConfigurationList section */
		3B070A2A1CC2EB7A003F9E9B /* Build configuration list for PBXProject "flipflop" */ = {
			isa = XCConfigurationList;
			buildConfigurations = (
				3B070A4A1CC2EB7A003F9E9B /* Debug */,
				3B070A4B1CC2EB7A003F9E9B /* Release */,
			);
			defaultConfigurationIsVisible = 0;
			defaultConfigurationName = Release;
		};
		3B070A4C1CC2EB7A003F9E9B /* Build configuration list for PBXNativeTarget "flipflop" */ = {
			isa = XCConfigurationList;
			buildConfigurations = (
				3B070A4D1CC2EB7A003F9E9B /* Debug */,
				3B070A4E1CC2EB7A003F9E9B /* Release */,
			);
			defaultConfigurationIsVisible = 0;
		};
		3B070A4F1CC2EB7A003F9E9B /* Build configuration list for PBXNativeTarget "flipflopTests" */ = {
			isa = XCConfigurationList;
			buildConfigurations = (
				3B070A501CC2EB7A003F9E9B /* Debug */,
				3B070A511CC2EB7A003F9E9B /* Release */,
			);
			defaultConfigurationIsVisible = 0;
		};
/* End XCConfigurationList section */
	};
	rootObject = 3B070A271CC2EB7A003F9E9B /* Project object */;
}
